PODS:
  - AFJSONPRequestOperation (1.0.0):
    - AFNetworking
  - AFNetworking (1.3.1)
  - OCMock (2.1.1)
  - OHHTTPStubs (2.0.0)
  - SenTestingKitAsync (1.0.6)

DEPENDENCIES:
  - AFJSONPRequestOperation
  - OCMock
  - OHHTTPStubs
  - SenTestingKitAsync

SPEC CHECKSUMS:
  AFJSONPRequestOperation: f77bb7b588a0d3e42133f36c8471f75bd67bc41b
  AFNetworking: 9ec8aafb9269236a7630bd8d9838ce2ba30fa2a0
  OCMock: 79212e5e328378af5cfd6edb5feacfd6c49cd8a3
  OHHTTPStubs: 921de87847a4ebd7ff8642715a7eb12a29e1e0f7
  SenTestingKitAsync: 32270df7e96442b34d5542859622ce7fef7d7c38

COCOAPODS: 0.19.1
