// !$*UTF8*$!
{
	archiveVersion = 1;
	classes = {
	};
	objectVersion = 46;
	objects = {

/* Begin PBXBuildFile section */
		228A54B9844247E4B3BE1C46 /* libPods.a in Frameworks */ = {isa = PBXBuildFile; fileRef = DEDF4F977E244BD39879072A /* libPods.a */; };
		D9D2053F52A84477AE1C5F90 /* libPods-PinacotecaCoreTests.a in Frameworks */ = {isa = PBXBuildFile; fileRef = B4AFB068A69E4261B63A445F /* libPods-PinacotecaCoreTests.a */; };
		F640538717766CED007051E0 /* PCServerAPIControllerTests.m in Sources */ = {isa = PBXBuildFile; fileRef = F640538617766CED007051E0 /* PCServerAPIControllerTests.m */; };
		F640538B17767369007051E0 /* ServerAPIResponses.bundle in Resources */ = {isa = PBXBuildFile; fileRef = F640538A17767369007051E0 /* ServerAPIResponses.bundle */; };
		F640539017768024007051E0 /* Model.xcdatamodeld in Sources */ = {isa = PBXBuildFile; fileRef = F640538E17768024007051E0 /* Model.xcdatamodeld */; };
		F6405393177680E0007051E0 /* PCImage.h in Headers */ = {isa = PBXBuildFile; fileRef = F6405391177680E0007051E0 /* PCImage.h */; };
		F6405394177680E0007051E0 /* PCImage.m in Sources */ = {isa = PBXBuildFile; fileRef = F6405392177680E0007051E0 /* PCImage.m */; };
		F640539717768214007051E0 /* PCImage+Private.h in Headers */ = {isa = PBXBuildFile; fileRef = F640539517768214007051E0 /* PCImage+Private.h */; };
		F640539B1776F917007051E0 /* PCModelLayerTests.m in Sources */ = {isa = PBXBuildFile; fileRef = F640539A1776F917007051E0 /* PCModelLayerTests.m */; };
		F640539E17770C88007051E0 /* PCResourceManager.h in Headers */ = {isa = PBXBuildFile; fileRef = F640539C17770C88007051E0 /* PCResourceManager.h */; };
		F640539F17770C88007051E0 /* PCResourceManager.m in Sources */ = {isa = PBXBuildFile; fileRef = F640539D17770C88007051E0 /* PCResourceManager.m */; };
		F64053A317770EA4007051E0 /* PCResourceManagerTests.m in Sources */ = {isa = PBXBuildFile; fileRef = F64053A217770EA4007051E0 /* PCResourceManagerTests.m */; };
		F64053A6177710BA007051E0 /* PCResourceManager+Private.h in Headers */ = {isa = PBXBuildFile; fileRef = F64053A4177710BA007051E0 /* PCResourceManager+Private.h */; };
		F6548562177660C400109CEF /* Cocoa.framework in Frameworks */ = {isa = PBXBuildFile; fileRef = F6548561177660C400109CEF /* Cocoa.framework */; };
		F654856C177660C400109CEF /* InfoPlist.strings in Resources */ = {isa = PBXBuildFile; fileRef = F654856A177660C400109CEF /* InfoPlist.strings */; };
		F6548578177660C400109CEF /* SenTestingKit.framework in Frameworks */ = {isa = PBXBuildFile; fileRef = F6548577177660C400109CEF /* SenTestingKit.framework */; };
		F6548579177660C400109CEF /* Cocoa.framework in Frameworks */ = {isa = PBXBuildFile; fileRef = F6548561177660C400109CEF /* Cocoa.framework */; };
		F654857C177660C400109CEF /* PinacotecaCore.framework in Frameworks */ = {isa = PBXBuildFile; fileRef = F654855E177660C400109CEF /* PinacotecaCore.framework */; };
		F6548582177660C400109CEF /* InfoPlist.strings in Resources */ = {isa = PBXBuildFile; fileRef = F6548580177660C400109CEF /* InfoPlist.strings */; };
		F6C1E92017766A3200953C67 /* PCServerAPIController.h in Headers */ = {isa = PBXBuildFile; fileRef = F6C1E91E17766A3200953C67 /* PCServerAPIController.h */; };
		F6C1E92117766A3200953C67 /* PCServerAPIController.m in Sources */ = {isa = PBXBuildFile; fileRef = F6C1E91F17766A3200953C67 /* PCServerAPIController.m */; };
		F6C1E92417766B9E00953C67 /* PCConstants.h in Headers */ = {isa = PBXBuildFile; fileRef = F6C1E92217766B9E00953C67 /* PCConstants.h */; };
		F6C1E92517766B9E00953C67 /* PCConstants.m in Sources */ = {isa = PBXBuildFile; fileRef = F6C1E92317766B9E00953C67 /* PCConstants.m */; };
/* End PBXBuildFile section */

/* Begin PBXContainerItemProxy section */
		F654857A177660C400109CEF /* PBXContainerItemProxy */ = {
			isa = PBXContainerItemProxy;
			containerPortal = F6548555177660C400109CEF /* Project object */;
			proxyType = 1;
			remoteGlobalIDString = F654855D177660C400109CEF;
			remoteInfo = PinacotecaCore;
		};
/* End PBXContainerItemProxy section */

/* Begin PBXFileReference section */
		6F2E311EDDCF4843B0CFACBF /* Pods.xcconfig */ = {isa = PBXFileReference; includeInIndex = 1; lastKnownFileType = text.xcconfig; name = Pods.xcconfig; path = ../Pods/Pods.xcconfig; sourceTree = SOURCE_ROOT; };
		B4AFB068A69E4261B63A445F /* libPods-PinacotecaCoreTests.a */ = {isa = PBXFileReference; explicitFileType = archive.ar; includeInIndex = 0; path = "libPods-PinacotecaCoreTests.a"; sourceTree = BUILT_PRODUCTS_DIR; };
		DEDF4F977E244BD39879072A /* libPods.a */ = {isa = PBXFileReference; explicitFileType = archive.ar; includeInIndex = 0; path = libPods.a; sourceTree = BUILT_PRODUCTS_DIR; };
		EF629536591942BDAF510BB9 /* Pods-PinacotecaCoreTests.xcconfig */ = {isa = PBXFileReference; includeInIndex = 1; lastKnownFileType = text.xcconfig; name = "Pods-PinacotecaCoreTests.xcconfig"; path = "../Pods/Pods-PinacotecaCoreTests.xcconfig"; sourceTree = SOURCE_ROOT; };
		F640538617766CED007051E0 /* PCServerAPIControllerTests.m */ = {isa = PBXFileReference; fileEncoding = 4; lastKnownFileType = sourcecode.c.objc; path = PCServerAPIControllerTests.m; sourceTree = "<group>"; };
		F640538A17767369007051E0 /* ServerAPIResponses.bundle */ = {isa = PBXFileReference; lastKnownFileType = "wrapper.plug-in"; path = ServerAPIResponses.bundle; sourceTree = "<group>"; };
		F640538F17768024007051E0 /* Model.xcdatamodel */ = {isa = PBXFileReference; lastKnownFileType = wrapper.xcdatamodel; path = Model.xcdatamodel; sourceTree = "<group>"; };
		F6405391177680E0007051E0 /* PCImage.h */ = {isa = PBXFileReference; fileEncoding = 4; lastKnownFileType = sourcecode.c.h; path = PCImage.h; sourceTree = "<group>"; };
		F6405392177680E0007051E0 /* PCImage.m */ = {isa = PBXFileReference; fileEncoding = 4; lastKnownFileType = sourcecode.c.objc; path = PCImage.m; sourceTree = "<group>"; };
		F640539517768214007051E0 /* PCImage+Private.h */ = {isa = PBXFileReference; fileEncoding = 4; lastKnownFileType = sourcecode.c.h; path = "PCImage+Private.h"; sourceTree = "<group>"; };
		F640539A1776F917007051E0 /* PCModelLayerTests.m */ = {isa = PBXFileReference; fileEncoding = 4; lastKnownFileType = sourcecode.c.objc; path = PCModelLayerTests.m; sourceTree = "<group>"; };
		F640539C17770C88007051E0 /* PCResourceManager.h */ = {isa = PBXFileReference; fileEncoding = 4; lastKnownFileType = sourcecode.c.h; path = PCResourceManager.h; sourceTree = "<group>"; };
		F640539D17770C88007051E0 /* PCResourceManager.m */ = {isa = PBXFileReference; fileEncoding = 4; lastKnownFileType = sourcecode.c.objc; path = PCResourceManager.m; sourceTree = "<group>"; };
		F64053A217770EA4007051E0 /* PCResourceManagerTests.m */ = {isa = PBXFileReference; fileEncoding = 4; lastKnownFileType = sourcecode.c.objc; path = PCResourceManagerTests.m; sourceTree = "<group>"; };
		F64053A4177710BA007051E0 /* PCResourceManager+Private.h */ = {isa = PBXFileReference; fileEncoding = 4; lastKnownFileType = sourcecode.c.h; path = "PCResourceManager+Private.h"; sourceTree = "<group>"; };
		F654855E177660C400109CEF /* PinacotecaCore.framework */ = {isa = PBXFileReference; explicitFileType = wrapper.framework; includeInIndex = 0; path = PinacotecaCore.framework; sourceTree = BUILT_PRODUCTS_DIR; };
		F6548561177660C400109CEF /* Cocoa.framework */ = {isa = PBXFileReference; lastKnownFileType = wrapper.framework; name = Cocoa.framework; path = System/Library/Frameworks/Cocoa.framework; sourceTree = SDKROOT; };
		F6548564177660C400109CEF /* AppKit.framework */ = {isa = PBXFileReference; lastKnownFileType = wrapper.framework; name = AppKit.framework; path = System/Library/Frameworks/AppKit.framework; sourceTree = SDKROOT; };
		F6548565177660C400109CEF /* CoreData.framework */ = {isa = PBXFileReference; lastKnownFileType = wrapper.framework; name = CoreData.framework; path = System/Library/Frameworks/CoreData.framework; sourceTree = SDKROOT; };
		F6548566177660C400109CEF /* Foundation.framework */ = {isa = PBXFileReference; lastKnownFileType = wrapper.framework; name = Foundation.framework; path = System/Library/Frameworks/Foundation.framework; sourceTree = SDKROOT; };
		F6548569177660C400109CEF /* PinacotecaCore-Info.plist */ = {isa = PBXFileReference; lastKnownFileType = text.plist.xml; path = "PinacotecaCore-Info.plist"; sourceTree = "<group>"; };
		F654856B177660C400109CEF /* en */ = {isa = PBXFileReference; lastKnownFileType = text.plist.strings; name = en; path = en.lproj/InfoPlist.strings; sourceTree = "<group>"; };
		F654856D177660C400109CEF /* PinacotecaCore-Prefix.pch */ = {isa = PBXFileReference; lastKnownFileType = sourcecode.c.h; path = "PinacotecaCore-Prefix.pch"; sourceTree = "<group>"; };
		F654856E177660C400109CEF /* PinacotecaCore.h */ = {isa = PBXFileReference; lastKnownFileType = sourcecode.c.h; path = PinacotecaCore.h; sourceTree = "<group>"; };
		F6548576177660C400109CEF /* PinacotecaCoreTests.octest */ = {isa = PBXFileReference; explicitFileType = wrapper.cfbundle; includeInIndex = 0; path = PinacotecaCoreTests.octest; sourceTree = BUILT_PRODUCTS_DIR; };
		F6548577177660C400109CEF /* SenTestingKit.framework */ = {isa = PBXFileReference; lastKnownFileType = wrapper.framework; name = SenTestingKit.framework; path = Library/Frameworks/SenTestingKit.framework; sourceTree = DEVELOPER_DIR; };
		F654857F177660C400109CEF /* PinacotecaCoreTests-Info.plist */ = {isa = PBXFileReference; lastKnownFileType = text.plist.xml; path = "PinacotecaCoreTests-Info.plist"; sourceTree = "<group>"; };
		F6548581177660C400109CEF /* en */ = {isa = PBXFileReference; lastKnownFileType = text.plist.strings; name = en; path = en.lproj/InfoPlist.strings; sourceTree = "<group>"; };
		F6C1E91E17766A3200953C67 /* PCServerAPIController.h */ = {isa = PBXFileReference; fileEncoding = 4; lastKnownFileType = sourcecode.c.h; path = PCServerAPIController.h; sourceTree = "<group>"; };
		F6C1E91F17766A3200953C67 /* PCServerAPIController.m */ = {isa = PBXFileReference; fileEncoding = 4; lastKnownFileType = sourcecode.c.objc; path = PCServerAPIController.m; sourceTree = "<group>"; };
		F6C1E92217766B9E00953C67 /* PCConstants.h */ = {isa = PBXFileReference; fileEncoding = 4; lastKnownFileType = sourcecode.c.h; path = PCConstants.h; sourceTree = "<group>"; };
		F6C1E92317766B9E00953C67 /* PCConstants.m */ = {isa = PBXFileReference; fileEncoding = 4; lastKnownFileType = sourcecode.c.objc; path = PCConstants.m; sourceTree = "<group>"; };
/* End PBXFileReference section */

/* Begin PBXFrameworksBuildPhase section */
		F654855A177660C400109CEF /* Frameworks */ = {
			isa = PBXFrameworksBuildPhase;
			buildActionMask = 2147483647;
			files = (
				F6548562177660C400109CEF /* Cocoa.framework in Frameworks */,
				228A54B9844247E4B3BE1C46 /* libPods.a in Frameworks */,
			);
			runOnlyForDeploymentPostprocessing = 0;
		};
		F6548572177660C400109CEF /* Frameworks */ = {
			isa = PBXFrameworksBuildPhase;
			buildActionMask = 2147483647;
			files = (
				F6548578177660C400109CEF /* SenTestingKit.framework in Frameworks */,
				F6548579177660C400109CEF /* Cocoa.framework in Frameworks */,
				F654857C177660C400109CEF /* PinacotecaCore.framework in Frameworks */,
				D9D2053F52A84477AE1C5F90 /* libPods-PinacotecaCoreTests.a in Frameworks */,
			);
			runOnlyForDeploymentPostprocessing = 0;
		};
/* End PBXFrameworksBuildPhase section */

/* Begin PBXGroup section */
		F640538817767285007051E0 /* Unit Tests */ = {
			isa = PBXGroup;
			children = (
				F640538A17767369007051E0 /* ServerAPIResponses.bundle */,
				F640538617766CED007051E0 /* PCServerAPIControllerTests.m */,
				F640539A1776F917007051E0 /* PCModelLayerTests.m */,
				F64053A217770EA4007051E0 /* PCResourceManagerTests.m */,
			);
			name = "Unit Tests";
			sourceTree = "<group>";
		};
		F640538D1776800A007051E0 /* Model Layer */ = {
			isa = PBXGroup;
			children = (
				F640538E17768024007051E0 /* Model.xcdatamodeld */,
				F6405391177680E0007051E0 /* PCImage.h */,
				F640539517768214007051E0 /* PCImage+Private.h */,
				F6405392177680E0007051E0 /* PCImage.m */,
			);
			name = "Model Layer";
			sourceTree = "<group>";
		};
		F64053A017770C8B007051E0 /* Resource Manager */ = {
			isa = PBXGroup;
			children = (
				F640539C17770C88007051E0 /* PCResourceManager.h */,
				F64053A4177710BA007051E0 /* PCResourceManager+Private.h */,
				F640539D17770C88007051E0 /* PCResourceManager.m */,
			);
			name = "Resource Manager";
			sourceTree = "<group>";
		};
		F6548554177660C400109CEF = {
			isa = PBXGroup;
			children = (
				F6548567177660C400109CEF /* PinacotecaCore */,
				F654857D177660C400109CEF /* PinacotecaCoreTests */,
				F6548560177660C400109CEF /* Frameworks */,
				F654855F177660C400109CEF /* Products */,
				EF629536591942BDAF510BB9 /* Pods-PinacotecaCoreTests.xcconfig */,
				6F2E311EDDCF4843B0CFACBF /* Pods.xcconfig */,
			);
			sourceTree = "<group>";
		};
		F654855F177660C400109CEF /* Products */ = {
			isa = PBXGroup;
			children = (
				F654855E177660C400109CEF /* PinacotecaCore.framework */,
				F6548576177660C400109CEF /* PinacotecaCoreTests.octest */,
			);
			name = Products;
			sourceTree = "<group>";
		};
		F6548560177660C400109CEF /* Frameworks */ = {
			isa = PBXGroup;
			children = (
				F6548561177660C400109CEF /* Cocoa.framework */,
				F6548577177660C400109CEF /* SenTestingKit.framework */,
				F6548563177660C400109CEF /* Other Frameworks */,
				B4AFB068A69E4261B63A445F /* libPods-PinacotecaCoreTests.a */,
				DEDF4F977E244BD39879072A /* libPods.a */,
			);
			name = Frameworks;
			sourceTree = "<group>";
		};
		F6548563177660C400109CEF /* Other Frameworks */ = {
			isa = PBXGroup;
			children = (
				F6548564177660C400109CEF /* AppKit.framework */,
				F6548565177660C400109CEF /* CoreData.framework */,
				F6548566177660C400109CEF /* Foundation.framework */,
			);
			name = "Other Frameworks";
			sourceTree = "<group>";
		};
		F6548567177660C400109CEF /* PinacotecaCore */ = {
			isa = PBXGroup;
			children = (
				F654856E177660C400109CEF /* PinacotecaCore.h */,
				F6C1E92217766B9E00953C67 /* PCConstants.h */,
				F6C1E92317766B9E00953C67 /* PCConstants.m */,
				F64053A017770C8B007051E0 /* Resource Manager */,
				F640538D1776800A007051E0 /* Model Layer */,
				F6C1E91D177669E900953C67 /* API Layer */,
				F6548568177660C400109CEF /* Supporting Files */,
			);
			path = PinacotecaCore;
			sourceTree = "<group>";
		};
		F6548568177660C400109CEF /* Supporting Files */ = {
			isa = PBXGroup;
			children = (
				F6548569177660C400109CEF /* PinacotecaCore-Info.plist */,
				F654856A177660C400109CEF /* InfoPlist.strings */,
				F654856D177660C400109CEF /* PinacotecaCore-Prefix.pch */,
			);
			name = "Supporting Files";
			sourceTree = "<group>";
		};
		F654857D177660C400109CEF /* PinacotecaCoreTests */ = {
			isa = PBXGroup;
			children = (
				F640538817767285007051E0 /* Unit Tests */,
				F654857E177660C400109CEF /* Supporting Files */,
			);
			path = PinacotecaCoreTests;
			sourceTree = "<group>";
		};
		F654857E177660C400109CEF /* Supporting Files */ = {
			isa = PBXGroup;
			children = (
				F654857F177660C400109CEF /* PinacotecaCoreTests-Info.plist */,
				F6548580177660C400109CEF /* InfoPlist.strings */,
			);
			name = "Supporting Files";
			sourceTree = "<group>";
		};
		F6C1E91D177669E900953C67 /* API Layer */ = {
			isa = PBXGroup;
			children = (
				F6C1E91E17766A3200953C67 /* PCServerAPIController.h */,
				F6C1E91F17766A3200953C67 /* PCServerAPIController.m */,
			);
			name = "API Layer";
			sourceTree = "<group>";
		};
/* End PBXGroup section */

/* Begin PBXHeadersBuildPhase section */
		F654855B177660C400109CEF /* Headers */ = {
			isa = PBXHeadersBuildPhase;
			buildActionMask = 2147483647;
			files = (
				F6C1E92017766A3200953C67 /* PCServerAPIController.h in Headers */,
				F6405393177680E0007051E0 /* PCImage.h in Headers */,
				F6C1E92417766B9E00953C67 /* PCConstants.h in Headers */,
				F64053A6177710BA007051E0 /* PCResourceManager+Private.h in Headers */,
				F640539717768214007051E0 /* PCImage+Private.h in Headers */,
				F640539E17770C88007051E0 /* PCResourceManager.h in Headers */,
			);
			runOnlyForDeploymentPostprocessing = 0;
		};
/* End PBXHeadersBuildPhase section */

/* Begin PBXNativeTarget section */
		F654855D177660C400109CEF /* PinacotecaCore */ = {
			isa = PBXNativeTarget;
			buildConfigurationList = F6548588177660C400109CEF /* Build configuration list for PBXNativeTarget "PinacotecaCore" */;
			buildPhases = (
				933CD44DD44C449E9F096517 /* Check Pods Manifest.lock */,
				F6548559177660C400109CEF /* Sources */,
				F654855A177660C400109CEF /* Frameworks */,
				F654855B177660C400109CEF /* Headers */,
				F654855C177660C400109CEF /* Resources */,
				413A007C0D58461282C64205 /* Copy Pods Resources */,
			);
			buildRules = (
			);
			dependencies = (
			);
			name = PinacotecaCore;
			productName = PinacotecaCore;
			productReference = F654855E177660C400109CEF /* PinacotecaCore.framework */;
			productType = "com.apple.product-type.framework";
		};
		F6548575177660C400109CEF /* PinacotecaCoreTests */ = {
			isa = PBXNativeTarget;
			buildConfigurationList = F654858B177660C400109CEF /* Build configuration list for PBXNativeTarget "PinacotecaCoreTests" */;
			buildPhases = (
				126CE398B55E4AC19465A192 /* Check Pods Manifest.lock */,
				F6548571177660C400109CEF /* Sources */,
				F6548572177660C400109CEF /* Frameworks */,
				F6548573177660C400109CEF /* Resources */,
				F6548574177660C400109CEF /* ShellScript */,
				A3BB9204A8604CC0A10084FC /* Copy Pods Resources */,
			);
			buildRules = (
			);
			dependencies = (
				F654857B177660C400109CEF /* PBXTargetDependency */,
			);
			name = PinacotecaCoreTests;
			productName = PinacotecaCoreTests;
			productReference = F6548576177660C400109CEF /* PinacotecaCoreTests.octest */;
			productType = "com.apple.product-type.bundle";
		};
/* End PBXNativeTarget section */

/* Begin PBXProject section */
		F6548555177660C400109CEF /* Project object */ = {
			isa = PBXProject;
			attributes = {
				CLASSPREFIX = PC;
				LastUpgradeCheck = 0500;
				ORGANIZATIONNAME = "Tobias Kräntzer";
			};
			buildConfigurationList = F6548558177660C400109CEF /* Build configuration list for PBXProject "PinacotecaCore" */;
			compatibilityVersion = "Xcode 3.2";
			developmentRegion = English;
			hasScannedForEncodings = 0;
			knownRegions = (
				en,
			);
			mainGroup = F6548554177660C400109CEF;
			productRefGroup = F654855F177660C400109CEF /* Products */;
			projectDirPath = "";
			projectRoot = "";
			targets = (
				F654855D177660C400109CEF /* PinacotecaCore */,
				F6548575177660C400109CEF /* PinacotecaCoreTests */,
			);
		};
/* End PBXProject section */

/* Begin PBXResourcesBuildPhase section */
		F654855C177660C400109CEF /* Resources */ = {
			isa = PBXResourcesBuildPhase;
			buildActionMask = 2147483647;
			files = (
				F654856C177660C400109CEF /* InfoPlist.strings in Resources */,
			);
			runOnlyForDeploymentPostprocessing = 0;
		};
		F6548573177660C400109CEF /* Resources */ = {
			isa = PBXResourcesBuildPhase;
			buildActionMask = 2147483647;
			files = (
				F640538B17767369007051E0 /* ServerAPIResponses.bundle in Resources */,
				F6548582177660C400109CEF /* InfoPlist.strings in Resources */,
			);
			runOnlyForDeploymentPostprocessing = 0;
		};
/* End PBXResourcesBuildPhase section */

/* Begin PBXShellScriptBuildPhase section */
		126CE398B55E4AC19465A192 /* Check Pods Manifest.lock */ = {
			isa = PBXShellScriptBuildPhase;
			buildActionMask = 2147483647;
			files = (
			);
			inputPaths = (
			);
			name = "Check Pods Manifest.lock";
			outputPaths = (
			);
			runOnlyForDeploymentPostprocessing = 0;
			shellPath = /bin/sh;
			shellScript = "diff \"${PODS_ROOT}/../Podfile.lock\" \"${PODS_ROOT}/Manifest.lock\" > /dev/null\nif [[ $? != 0 ]] ; then\n    cat << EOM\nerror: The sandbox is not in sync with the Podfile.lock. Run 'pod install' or update your CocoaPods installation.\nEOM\n    exit 1\nfi\n";
		};
		413A007C0D58461282C64205 /* Copy Pods Resources */ = {
			isa = PBXShellScriptBuildPhase;
			buildActionMask = 2147483647;
			files = (
			);
			inputPaths = (
			);
			name = "Copy Pods Resources";
			outputPaths = (
			);
			runOnlyForDeploymentPostprocessing = 0;
			shellPath = /bin/sh;
			shellScript = "\"${SRCROOT}/../Pods/Pods-resources.sh\"\n";
		};
		933CD44DD44C449E9F096517 /* Check Pods Manifest.lock */ = {
			isa = PBXShellScriptBuildPhase;
			buildActionMask = 2147483647;
			files = (
			);
			inputPaths = (
			);
			name = "Check Pods Manifest.lock";
			outputPaths = (
			);
			runOnlyForDeploymentPostprocessing = 0;
			shellPath = /bin/sh;
			shellScript = "diff \"${PODS_ROOT}/../Podfile.lock\" \"${PODS_ROOT}/Manifest.lock\" > /dev/null\nif [[ $? != 0 ]] ; then\n    cat << EOM\nerror: The sandbox is not in sync with the Podfile.lock. Run 'pod install' or update your CocoaPods installation.\nEOM\n    exit 1\nfi\n";
		};
		A3BB9204A8604CC0A10084FC /* Copy Pods Resources */ = {
			isa = PBXShellScriptBuildPhase;
			buildActionMask = 2147483647;
			files = (
			);
			inputPaths = (
			);
			name = "Copy Pods Resources";
			outputPaths = (
			);
			runOnlyForDeploymentPostprocessing = 0;
			shellPath = /bin/sh;
			shellScript = "\"${SRCROOT}/../Pods/Pods-PinacotecaCoreTests-resources.sh\"\n";
		};
		F6548574177660C400109CEF /* ShellScript */ = {
			isa = PBXShellScriptBuildPhase;
			buildActionMask = 2147483647;
			files = (
			);
			inputPaths = (
			);
			outputPaths = (
			);
			runOnlyForDeploymentPostprocessing = 0;
			shellPath = /bin/sh;
			shellScript = "# Run the unit tests in this test bundle.\n\"${SYSTEM_DEVELOPER_DIR}/Tools/RunUnitTests\"\n";
		};
/* End PBXShellScriptBuildPhase section */

/* Begin PBXSourcesBuildPhase section */
		F6548559177660C400109CEF /* Sources */ = {
			isa = PBXSourcesBuildPhase;
			buildActionMask = 2147483647;
			files = (
				F6C1E92117766A3200953C67 /* PCServerAPIController.m in Sources */,
				F6C1E92517766B9E00953C67 /* PCConstants.m in Sources */,
				F6405394177680E0007051E0 /* PCImage.m in Sources */,
				F640539017768024007051E0 /* Model.xcdatamodeld in Sources */,
				F640539F17770C88007051E0 /* PCResourceManager.m in Sources */,
			);
			runOnlyForDeploymentPostprocessing = 0;
		};
		F6548571177660C400109CEF /* Sources */ = {
			isa = PBXSourcesBuildPhase;
			buildActionMask = 2147483647;
			files = (
				F64053A317770EA4007051E0 /* PCResourceManagerTests.m in Sources */,
				F640538717766CED007051E0 /* PCServerAPIControllerTests.m in Sources */,
				F640539B1776F917007051E0 /* PCModelLayerTests.m in Sources */,
			);
			runOnlyForDeploymentPostprocessing = 0;
		};
/* End PBXSourcesBuildPhase section */

/* Begin PBXTargetDependency section */
		F654857B177660C400109CEF /* PBXTargetDependency */ = {
			isa = PBXTargetDependency;
			target = F654855D177660C400109CEF /* PinacotecaCore */;
			targetProxy = F654857A177660C400109CEF /* PBXContainerItemProxy */;
		};
/* End PBXTargetDependency section */

/* Begin PBXVariantGroup section */
		F654856A177660C400109CEF /* InfoPlist.strings */ = {
			isa = PBXVariantGroup;
			children = (
				F654856B177660C400109CEF /* en */,
			);
			name = InfoPlist.strings;
			sourceTree = "<group>";
		};
		F6548580177660C400109CEF /* InfoPlist.strings */ = {
			isa = PBXVariantGroup;
			children = (
				F6548581177660C400109CEF /* en */,
			);
			name = InfoPlist.strings;
			sourceTree = "<group>";
		};
/* End PBXVariantGroup section */

/* Begin XCBuildConfiguration section */
		F6548586177660C400109CEF /* Debug */ = {
			isa = XCBuildConfiguration;
			buildSettings = {
				ALWAYS_SEARCH_USER_PATHS = NO;
				CLANG_CXX_LANGUAGE_STANDARD = "gnu++0x";
				CLANG_CXX_LIBRARY = "libc++";
				CLANG_ENABLE_OBJC_ARC = YES;
				CLANG_WARN_CONSTANT_CONVERSION = YES;
				CLANG_WARN_EMPTY_BODY = YES;
				CLANG_WARN_ENUM_CONVERSION = YES;
				CLANG_WARN_INT_CONVERSION = YES;
				CLANG_WARN__DUPLICATE_METHOD_MATCH = YES;
				COPY_PHASE_STRIP = NO;
				GCC_C_LANGUAGE_STANDARD = gnu99;
				GCC_DYNAMIC_NO_PIC = NO;
				GCC_ENABLE_OBJC_EXCEPTIONS = YES;
				GCC_OPTIMIZATION_LEVEL = 0;
				GCC_PREPROCESSOR_DEFINITIONS = (
					"DEBUG=1",
					"$(inherited)",
				);
				GCC_SYMBOLS_PRIVATE_EXTERN = NO;
				GCC_WARN_64_TO_32_BIT_CONVERSION = YES;
				GCC_WARN_ABOUT_RETURN_TYPE = YES;
				GCC_WARN_UNINITIALIZED_AUTOS = YES;
				GCC_WARN_UNUSED_VARIABLE = YES;
				MACOSX_DEPLOYMENT_TARGET = 10.8;
				ONLY_ACTIVE_ARCH = YES;
				SDKROOT = macosx;
			};
			name = Debug;
		};
		F6548587177660C400109CEF /* Release */ = {
			isa = XCBuildConfiguration;
			buildSettings = {
				ALWAYS_SEARCH_USER_PATHS = NO;
				CLANG_CXX_LANGUAGE_STANDARD = "gnu++0x";
				CLANG_CXX_LIBRARY = "libc++";
				CLANG_ENABLE_OBJC_ARC = YES;
				CLANG_WARN_CONSTANT_CONVERSION = YES;
				CLANG_WARN_EMPTY_BODY = YES;
				CLANG_WARN_ENUM_CONVERSION = YES;
				CLANG_WARN_INT_CONVERSION = YES;
				CLANG_WARN__DUPLICATE_METHOD_MATCH = YES;
				COPY_PHASE_STRIP = YES;
				DEBUG_INFORMATION_FORMAT = "dwarf-with-dsym";
				GCC_C_LANGUAGE_STANDARD = gnu99;
				GCC_ENABLE_OBJC_EXCEPTIONS = YES;
				GCC_WARN_64_TO_32_BIT_CONVERSION = YES;
				GCC_WARN_ABOUT_RETURN_TYPE = YES;
				GCC_WARN_UNINITIALIZED_AUTOS = YES;
				GCC_WARN_UNUSED_VARIABLE = YES;
				MACOSX_DEPLOYMENT_TARGET = 10.8;
				SDKROOT = macosx;
			};
			name = Release;
		};
		F6548589177660C400109CEF /* Debug */ = {
			isa = XCBuildConfiguration;
			baseConfigurationReference = 6F2E311EDDCF4843B0CFACBF /* Pods.xcconfig */;
			buildSettings = {
				COMBINE_HIDPI_IMAGES = YES;
				DYLIB_COMPATIBILITY_VERSION = 1;
				DYLIB_CURRENT_VERSION = 1;
				FRAMEWORK_VERSION = A;
				GCC_PRECOMPILE_PREFIX_HEADER = YES;
				GCC_PREFIX_HEADER = "PinacotecaCore/PinacotecaCore-Prefix.pch";
				INFOPLIST_FILE = "PinacotecaCore/PinacotecaCore-Info.plist";
				PRODUCT_NAME = "$(TARGET_NAME)";
				WRAPPER_EXTENSION = framework;
			};
			name = Debug;
		};
		F654858A177660C400109CEF /* Release */ = {
			isa = XCBuildConfiguration;
			baseConfigurationReference = 6F2E311EDDCF4843B0CFACBF /* Pods.xcconfig */;
			buildSettings = {
				COMBINE_HIDPI_IMAGES = YES;
				DYLIB_COMPATIBILITY_VERSION = 1;
				DYLIB_CURRENT_VERSION = 1;
				FRAMEWORK_VERSION = A;
				GCC_PRECOMPILE_PREFIX_HEADER = YES;
				GCC_PREFIX_HEADER = "PinacotecaCore/PinacotecaCore-Prefix.pch";
				INFOPLIST_FILE = "PinacotecaCore/PinacotecaCore-Info.plist";
				PRODUCT_NAME = "$(TARGET_NAME)";
				WRAPPER_EXTENSION = framework;
			};
			name = Release;
		};
		F654858C177660C400109CEF /* Debug */ = {
			isa = XCBuildConfiguration;
			baseConfigurationReference = EF629536591942BDAF510BB9 /* Pods-PinacotecaCoreTests.xcconfig */;
			buildSettings = {
				COMBINE_HIDPI_IMAGES = YES;
				FRAMEWORK_SEARCH_PATHS = "\"$(DEVELOPER_LIBRARY_DIR)/Frameworks\"";
				GCC_PRECOMPILE_PREFIX_HEADER = YES;
				GCC_PREFIX_HEADER = "PinacotecaCore/PinacotecaCore-Prefix.pch";
				INFOPLIST_FILE = "PinacotecaCoreTests/PinacotecaCoreTests-Info.plist";
				PRODUCT_NAME = "$(TARGET_NAME)";
				WRAPPER_EXTENSION = octest;
			};
			name = Debug;
		};
		F654858D177660C400109CEF /* Release */ = {
			isa = XCBuildConfiguration;
			baseConfigurationReference = EF629536591942BDAF510BB9 /* Pods-PinacotecaCoreTests.xcconfig */;
			buildSettings = {
				COMBINE_HIDPI_IMAGES = YES;
				FRAMEWORK_SEARCH_PATHS = "\"$(DEVELOPER_LIBRARY_DIR)/Frameworks\"";
				GCC_PRECOMPILE_PREFIX_HEADER = YES;
				GCC_PREFIX_HEADER = "PinacotecaCore/PinacotecaCore-Prefix.pch";
				INFOPLIST_FILE = "PinacotecaCoreTests/PinacotecaCoreTests-Info.plist";
				PRODUCT_NAME = "$(TARGET_NAME)";
				WRAPPER_EXTENSION = octest;
			};
			name = Release;
		};
/* End XCBuildConfiguration section */

/* Begin XCConfigurationList section */
		F6548558177660C400109CEF /* Build configuration list for PBXProject "PinacotecaCore" */ = {
			isa = XCConfigurationList;
			buildConfigurations = (
				F6548586177660C400109CEF /* Debug */,
				F6548587177660C400109CEF /* Release */,
			);
			defaultConfigurationIsVisible = 0;
			defaultConfigurationName = Release;
		};
		F6548588177660C400109CEF /* Build configuration list for PBXNativeTarget "PinacotecaCore" */ = {
			isa = XCConfigurationList;
			buildConfigurations = (
				F6548589177660C400109CEF /* Debug */,
				F654858A177660C400109CEF /* Release */,
			);
			defaultConfigurationIsVisible = 0;
			defaultConfigurationName = Release;
		};
		F654858B177660C400109CEF /* Build configuration list for PBXNativeTarget "PinacotecaCoreTests" */ = {
			isa = XCConfigurationList;
			buildConfigurations = (
				F654858C177660C400109CEF /* Debug */,
				F654858D177660C400109CEF /* Release */,
			);
			defaultConfigurationIsVisible = 0;
			defaultConfigurationName = Release;
		};
/* End XCConfigurationList section */

/* Begin XCVersionGroup section */
		F640538E17768024007051E0 /* Model.xcdatamodeld */ = {
			isa = XCVersionGroup;
			children = (
				F640538F17768024007051E0 /* Model.xcdatamodel */,
			);
			currentVersion = F640538F17768024007051E0 /* Model.xcdatamodel */;
			path = Model.xcdatamodeld;
			sourceTree = "<group>";
			versionGroupType = wrapper.xcdatamodel;
		};
/* End XCVersionGroup section */
	};
	rootObject = F6548555177660C400109CEF /* Project object */;
}
